// !$*UTF8*$!
{
	archiveVersion = 1;
	classes = {
	};
	objectVersion = 56;
	objects = {

/* Begin PBXBuildFile section */
		BD9F01F52AFDD84D00AB8AA8 /* TikTokTutorialApp.swift in Sources */ = {isa = PBXBuildFile; fileRef = BD9F01F42AFDD84D00AB8AA8 /* TikTokTutorialApp.swift */; };
		BD9F01F72AFDD84D00AB8AA8 /* ContentView.swift in Sources */ = {isa = PBXBuildFile; fileRef = BD9F01F62AFDD84D00AB8AA8 /* ContentView.swift */; };
		BD9F01F92AFDD84F00AB8AA8 /* Assets.xcassets in Resources */ = {isa = PBXBuildFile; fileRef = BD9F01F82AFDD84F00AB8AA8 /* Assets.xcassets */; };
		BD9F01FC2AFDD84F00AB8AA8 /* Preview Assets.xcassets in Resources */ = {isa = PBXBuildFile; fileRef = BD9F01FB2AFDD84F00AB8AA8 /* Preview Assets.xcassets */; };
		BD9F02132AFDDA5800AB8AA8 /* MainTabView.swift in Sources */ = {isa = PBXBuildFile; fileRef = BD9F02122AFDDA5800AB8AA8 /* MainTabView.swift */; };
		BD9F02152AFDE01B00AB8AA8 /* FeedView.swift in Sources */ = {isa = PBXBuildFile; fileRef = BD9F02142AFDE01B00AB8AA8 /* FeedView.swift */; };
		BD9F02172AFDE16400AB8AA8 /* FeedCell.swift in Sources */ = {isa = PBXBuildFile; fileRef = BD9F02162AFDE16400AB8AA8 /* FeedCell.swift */; };
		BD9F02192AFDE57B00AB8AA8 /* UserCell.swift in Sources */ = {isa = PBXBuildFile; fileRef = BD9F02182AFDE57B00AB8AA8 /* UserCell.swift */; };
		BD9F021C2AFDE58B00AB8AA8 /* ExploreView.swift in Sources */ = {isa = PBXBuildFile; fileRef = BD9F021B2AFDE58B00AB8AA8 /* ExploreView.swift */; };
		BD9F021E2AFDE89500AB8AA8 /* NotificationsView.swift in Sources */ = {isa = PBXBuildFile; fileRef = BD9F021D2AFDE89500AB8AA8 /* NotificationsView.swift */; };
		BD9F02202AFDE8A900AB8AA8 /* NotificationCell.swift in Sources */ = {isa = PBXBuildFile; fileRef = BD9F021F2AFDE8A900AB8AA8 /* NotificationCell.swift */; };
/* End PBXBuildFile section */

/* Begin PBXFileReference section */
		BD9F01F12AFDD84D00AB8AA8 /* TikTokTutorial.app */ = {isa = PBXFileReference; explicitFileType = wrapper.application; includeInIndex = 0; path = TikTokTutorial.app; sourceTree = BUILT_PRODUCTS_DIR; };
		BD9F01F42AFDD84D00AB8AA8 /* TikTokTutorialApp.swift */ = {isa = PBXFileReference; lastKnownFileType = sourcecode.swift; path = TikTokTutorialApp.swift; sourceTree = "<group>"; };
		BD9F01F62AFDD84D00AB8AA8 /* ContentView.swift */ = {isa = PBXFileReference; lastKnownFileType = sourcecode.swift; path = ContentView.swift; sourceTree = "<group>"; };
		BD9F01F82AFDD84F00AB8AA8 /* Assets.xcassets */ = {isa = PBXFileReference; lastKnownFileType = folder.assetcatalog; path = Assets.xcassets; sourceTree = "<group>"; };
		BD9F01FB2AFDD84F00AB8AA8 /* Preview Assets.xcassets */ = {isa = PBXFileReference; lastKnownFileType = folder.assetcatalog; path = "Preview Assets.xcassets"; sourceTree = "<group>"; };
		BD9F02122AFDDA5800AB8AA8 /* MainTabView.swift */ = {isa = PBXFileReference; lastKnownFileType = sourcecode.swift; path = MainTabView.swift; sourceTree = "<group>"; };
		BD9F02142AFDE01B00AB8AA8 /* FeedView.swift */ = {isa = PBXFileReference; lastKnownFileType = sourcecode.swift; path = FeedView.swift; sourceTree = "<group>"; };
		BD9F02162AFDE16400AB8AA8 /* FeedCell.swift */ = {isa = PBXFileReference; lastKnownFileType = sourcecode.swift; path = FeedCell.swift; sourceTree = "<group>"; };
		BD9F02182AFDE57B00AB8AA8 /* UserCell.swift */ = {isa = PBXFileReference; lastKnownFileType = sourcecode.swift; path = UserCell.swift; sourceTree = "<group>"; };
		BD9F021B2AFDE58B00AB8AA8 /* ExploreView.swift */ = {isa = PBXFileReference; lastKnownFileType = sourcecode.swift; path = ExploreView.swift; sourceTree = "<group>"; };
		BD9F021D2AFDE89500AB8AA8 /* NotificationsView.swift */ = {isa = PBXFileReference; lastKnownFileType = sourcecode.swift; path = NotificationsView.swift; sourceTree = "<group>"; };
		BD9F021F2AFDE8A900AB8AA8 /* NotificationCell.swift */ = {isa = PBXFileReference; lastKnownFileType = sourcecode.swift; path = NotificationCell.swift; sourceTree = "<group>"; };
/* End PBXFileReference section */

/* Begin PBXFrameworksBuildPhase section */
		BD9F01EE2AFDD84D00AB8AA8 /* Frameworks */ = {
			isa = PBXFrameworksBuildPhase;
			buildActionMask = 2147483647;
			files = (
			);
			runOnlyForDeploymentPostprocessing = 0;
		};
/* End PBXFrameworksBuildPhase section */

/* Begin PBXGroup section */
		BD9F01E82AFDD84D00AB8AA8 = {
			isa = PBXGroup;
			children = (
				BD9F01F32AFDD84D00AB8AA8 /* TikTokTutorial */,
				BD9F01F22AFDD84D00AB8AA8 /* Products */,
			);
			sourceTree = "<group>";
		};
		BD9F01F22AFDD84D00AB8AA8 /* Products */ = {
			isa = PBXGroup;
			children = (
				BD9F01F12AFDD84D00AB8AA8 /* TikTokTutorial.app */,
			);
			name = Products;
			sourceTree = "<group>";
		};
		BD9F01F32AFDD84D00AB8AA8 /* TikTokTutorial */ = {
			isa = PBXGroup;
			children = (
				BD9F02072AFDD88C00AB8AA8 /* App */,
				BD9F02062AFDD88700AB8AA8 /* Core */,
				BD9F02052AFDD88400AB8AA8 /* Extensions */,
				BD9F02042AFDD88100AB8AA8 /* Model */,
				BD9F02032AFDD87F00AB8AA8 /* Services */,
				BD9F02022AFDD87900AB8AA8 /* Utils */,
				BD9F01F82AFDD84F00AB8AA8 /* Assets.xcassets */,
				BD9F01FA2AFDD84F00AB8AA8 /* Preview Content */,
			);
			path = TikTokTutorial;
			sourceTree = "<group>";
		};
		BD9F01FA2AFDD84F00AB8AA8 /* Preview Content */ = {
			isa = PBXGroup;
			children = (
				BD9F01FB2AFDD84F00AB8AA8 /* Preview Assets.xcassets */,
			);
			path = "Preview Content";
			sourceTree = "<group>";
		};
		BD9F02022AFDD87900AB8AA8 /* Utils */ = {
			isa = PBXGroup;
			children = (
			);
			path = Utils;
			sourceTree = "<group>";
		};
		BD9F02032AFDD87F00AB8AA8 /* Services */ = {
			isa = PBXGroup;
			children = (
			);
			path = Services;
			sourceTree = "<group>";
		};
		BD9F02042AFDD88100AB8AA8 /* Model */ = {
			isa = PBXGroup;
			children = (
			);
			path = Model;
			sourceTree = "<group>";
		};
		BD9F02052AFDD88400AB8AA8 /* Extensions */ = {
			isa = PBXGroup;
			children = (
			);
			path = Extensions;
			sourceTree = "<group>";
		};
		BD9F02062AFDD88700AB8AA8 /* Core */ = {
			isa = PBXGroup;
			children = (
				BD9F02102AFDD98700AB8AA8 /* Authentication */,
				BD9F020F2AFDD98400AB8AA8 /* Comments */,
				BD9F020E2AFDD98100AB8AA8 /* Components */,
				BD9F02112AFDD9B200AB8AA8 /* Feed */,
				BD9F020D2AFDD97F00AB8AA8 /* Notifications */,
				BD9F020C2AFDD97D00AB8AA8 /* Profile */,
				BD9F020B2AFDD97A00AB8AA8 /* Root */,
				BD9F020A2AFDD97700AB8AA8 /* Search */,
				BD9F02092AFDD97400AB8AA8 /* TabBar */,
				BD9F02082AFDD93500AB8AA8 /* UploadMedia */,
			);
			path = Core;
			sourceTree = "<group>";
		};
		BD9F02072AFDD88C00AB8AA8 /* App */ = {
			isa = PBXGroup;
			children = (
				BD9F01F42AFDD84D00AB8AA8 /* TikTokTutorialApp.swift */,
			);
			path = App;
			sourceTree = "<group>";
		};
		BD9F02082AFDD93500AB8AA8 /* UploadMedia */ = {
			isa = PBXGroup;
			children = (
			);
			path = UploadMedia;
			sourceTree = "<group>";
		};
		BD9F02092AFDD97400AB8AA8 /* TabBar */ = {
			isa = PBXGroup;
			children = (
				BD9F02122AFDDA5800AB8AA8 /* MainTabView.swift */,
			);
			path = TabBar;
			sourceTree = "<group>";
		};
		BD9F020A2AFDD97700AB8AA8 /* Search */ = {
			isa = PBXGroup;
			children = (
				BD9F02182AFDE57B00AB8AA8 /* UserCell.swift */,
				BD9F021B2AFDE58B00AB8AA8 /* ExploreView.swift */,
			);
			path = Search;
			sourceTree = "<group>";
		};
		BD9F020B2AFDD97A00AB8AA8 /* Root */ = {
			isa = PBXGroup;
			children = (
				BD9F01F62AFDD84D00AB8AA8 /* ContentView.swift */,
			);
			path = Root;
			sourceTree = "<group>";
		};
		BD9F020C2AFDD97D00AB8AA8 /* Profile */ = {
			isa = PBXGroup;
			children = (
			);
			path = Profile;
			sourceTree = "<group>";
		};
		BD9F020D2AFDD97F00AB8AA8 /* Notifications */ = {
			isa = PBXGroup;
			children = (
				BD9F021D2AFDE89500AB8AA8 /* NotificationsView.swift */,
				BD9F021F2AFDE8A900AB8AA8 /* NotificationCell.swift */,
			);
			path = Notifications;
			sourceTree = "<group>";
		};
		BD9F020E2AFDD98100AB8AA8 /* Components */ = {
			isa = PBXGroup;
			children = (
			);
			path = Components;
			sourceTree = "<group>";
		};
		BD9F020F2AFDD98400AB8AA8 /* Comments */ = {
			isa = PBXGroup;
			children = (
			);
			path = Comments;
			sourceTree = "<group>";
		};
		BD9F02102AFDD98700AB8AA8 /* Authentication */ = {
			isa = PBXGroup;
			children = (
			);
			path = Authentication;
			sourceTree = "<group>";
		};
		BD9F02112AFDD9B200AB8AA8 /* Feed */ = {
			isa = PBXGroup;
			children = (
				BD9F02142AFDE01B00AB8AA8 /* FeedView.swift */,
				BD9F02162AFDE16400AB8AA8 /* FeedCell.swift */,
			);
			path = Feed;
			sourceTree = "<group>";
		};
/* End PBXGroup section */

/* Begin PBXNativeTarget section */
		BD9F01F02AFDD84D00AB8AA8 /* TikTokTutorial */ = {
			isa = PBXNativeTarget;
			buildConfigurationList = BD9F01FF2AFDD84F00AB8AA8 /* Build configuration list for PBXNativeTarget "TikTokTutorial" */;
			buildPhases = (
				BD9F01ED2AFDD84D00AB8AA8 /* Sources */,
				BD9F01EE2AFDD84D00AB8AA8 /* Frameworks */,
				BD9F01EF2AFDD84D00AB8AA8 /* Resources */,
			);
			buildRules = (
			);
			dependencies = (
			);
			name = TikTokTutorial;
			productName = TikTokTutorial;
			productReference = BD9F01F12AFDD84D00AB8AA8 /* TikTokTutorial.app */;
			productType = "com.apple.product-type.application";
		};
/* End PBXNativeTarget section */

/* Begin PBXProject section */
		BD9F01E92AFDD84D00AB8AA8 /* Project object */ = {
			isa = PBXProject;
			attributes = {
				BuildIndependentTargetsInParallel = 1;
				LastSwiftUpdateCheck = 1500;
				LastUpgradeCheck = 1500;
				TargetAttributes = {
					BD9F01F02AFDD84D00AB8AA8 = {
						CreatedOnToolsVersion = 15.0.1;
					};
				};
			};
			buildConfigurationList = BD9F01EC2AFDD84D00AB8AA8 /* Build configuration list for PBXProject "TikTokTutorial" */;
			compatibilityVersion = "Xcode 14.0";
			developmentRegion = en;
			hasScannedForEncodings = 0;
			knownRegions = (
				en,
				Base,
			);
			mainGroup = BD9F01E82AFDD84D00AB8AA8;
			productRefGroup = BD9F01F22AFDD84D00AB8AA8 /* Products */;
			projectDirPath = "";
			projectRoot = "";
			targets = (
				BD9F01F02AFDD84D00AB8AA8 /* TikTokTutorial */,
			);
		};
/* End PBXProject section */

/* Begin PBXResourcesBuildPhase section */
		BD9F01EF2AFDD84D00AB8AA8 /* Resources */ = {
			isa = PBXResourcesBuildPhase;
			buildActionMask = 2147483647;
			files = (
				BD9F01FC2AFDD84F00AB8AA8 /* Preview Assets.xcassets in Resources */,
				BD9F01F92AFDD84F00AB8AA8 /* Assets.xcassets in Resources */,
			);
			runOnlyForDeploymentPostprocessing = 0;
		};
/* End PBXResourcesBuildPhase section */

/* Begin PBXSourcesBuildPhase section */
		BD9F01ED2AFDD84D00AB8AA8 /* Sources */ = {
			isa = PBXSourcesBuildPhase;
			buildActionMask = 2147483647;
			files = (
				BD9F021C2AFDE58B00AB8AA8 /* ExploreView.swift in Sources */,
				BD9F02202AFDE8A900AB8AA8 /* NotificationCell.swift in Sources */,
				BD9F02152AFDE01B00AB8AA8 /* FeedView.swift in Sources */,
				BD9F02172AFDE16400AB8AA8 /* FeedCell.swift in Sources */,
				BD9F02192AFDE57B00AB8AA8 /* UserCell.swift in Sources */,
				BD9F01F72AFDD84D00AB8AA8 /* ContentView.swift in Sources */,
				BD9F01F52AFDD84D00AB8AA8 /* TikTokTutorialApp.swift in Sources */,
				BD9F02132AFDDA5800AB8AA8 /* MainTabView.swift in Sources */,
				BD9F021E2AFDE89500AB8AA8 /* NotificationsView.swift in Sources */,
			);
			runOnlyForDeploymentPostprocessing = 0;
		};
/* End PBXSourcesBuildPhase section */

/* Begin XCBuildConfiguration section */
		BD9F01FD2AFDD84F00AB8AA8 /* Debug */ = {
			isa = XCBuildConfiguration;
			buildSettings = {
				ALWAYS_SEARCH_USER_PATHS = NO;
				ASSETCATALOG_COMPILER_GENERATE_SWIFT_ASSET_SYMBOL_EXTENSIONS = YES;
				CLANG_ANALYZER_NONNULL = YES;
				CLANG_ANALYZER_NUMBER_OBJECT_CONVERSION = YES_AGGRESSIVE;
				CLANG_CXX_LANGUAGE_STANDARD = "gnu++20";
				CLANG_ENABLE_MODULES = YES;
				CLANG_ENABLE_OBJC_ARC = YES;
				CLANG_ENABLE_OBJC_WEAK = YES;
				CLANG_WARN_BLOCK_CAPTURE_AUTORELEASING = YES;
				CLANG_WARN_BOOL_CONVERSION = YES;
				CLANG_WARN_COMMA = YES;
				CLANG_WARN_CONSTANT_CONVERSION = YES;
				CLANG_WARN_DEPRECATED_OBJC_IMPLEMENTATIONS = YES;
				CLANG_WARN_DIRECT_OBJC_ISA_USAGE = YES_ERROR;
				CLANG_WARN_DOCUMENTATION_COMMENTS = YES;
				CLANG_WARN_EMPTY_BODY = YES;
				CLANG_WARN_ENUM_CONVERSION = YES;
				CLANG_WARN_INFINITE_RECURSION = YES;
				CLANG_WARN_INT_CONVERSION = YES;
				CLANG_WARN_NON_LITERAL_NULL_CONVERSION = YES;
				CLANG_WARN_OBJC_IMPLICIT_RETAIN_SELF = YES;
				CLANG_WARN_OBJC_LITERAL_CONVERSION = YES;
				CLANG_WARN_OBJC_ROOT_CLASS = YES_ERROR;
				CLANG_WARN_QUOTED_INCLUDE_IN_FRAMEWORK_HEADER = YES;
				CLANG_WARN_RANGE_LOOP_ANALYSIS = YES;
				CLANG_WARN_STRICT_PROTOTYPES = YES;
				CLANG_WARN_SUSPICIOUS_MOVE = YES;
				CLANG_WARN_UNGUARDED_AVAILABILITY = YES_AGGRESSIVE;
				CLANG_WARN_UNREACHABLE_CODE = YES;
				CLANG_WARN__DUPLICATE_METHOD_MATCH = YES;
				COPY_PHASE_STRIP = NO;
				DEBUG_INFORMATION_FORMAT = dwarf;
				ENABLE_STRICT_OBJC_MSGSEND = YES;
				ENABLE_TESTABILITY = YES;
				ENABLE_USER_SCRIPT_SANDBOXING = YES;
				GCC_C_LANGUAGE_STANDARD = gnu17;
				GCC_DYNAMIC_NO_PIC = NO;
				GCC_NO_COMMON_BLOCKS = YES;
				GCC_OPTIMIZATION_LEVEL = 0;
				GCC_PREPROCESSOR_DEFINITIONS = (
					"DEBUG=1",
					"$(inherited)",
				);
				GCC_WARN_64_TO_32_BIT_CONVERSION = YES;
				GCC_WARN_ABOUT_RETURN_TYPE = YES_ERROR;
				GCC_WARN_UNDECLARED_SELECTOR = YES;
				GCC_WARN_UNINITIALIZED_AUTOS = YES_AGGRESSIVE;
				GCC_WARN_UNUSED_FUNCTION = YES;
				GCC_WARN_UNUSED_VARIABLE = YES;
				IPHONEOS_DEPLOYMENT_TARGET = 17.0;
				LOCALIZATION_PREFERS_STRING_CATALOGS = YES;
				MTL_ENABLE_DEBUG_INFO = INCLUDE_SOURCE;
				MTL_FAST_MATH = YES;
				ONLY_ACTIVE_ARCH = YES;
				SDKROOT = iphoneos;
				SWIFT_ACTIVE_COMPILATION_CONDITIONS = "DEBUG $(inherited)";
				SWIFT_OPTIMIZATION_LEVEL = "-Onone";
			};
			name = Debug;
		};
		BD9F01FE2AFDD84F00AB8AA8 /* Release */ = {
			isa = XCBuildConfiguration;
			buildSettings = {
				ALWAYS_SEARCH_USER_PATHS = NO;
				ASSETCATALOG_COMPILER_GENERATE_SWIFT_ASSET_SYMBOL_EXTENSIONS = YES;
				CLANG_ANALYZER_NONNULL = YES;
				CLANG_ANALYZER_NUMBER_OBJECT_CONVERSION = YES_AGGRESSIVE;
				CLANG_CXX_LANGUAGE_STANDARD = "gnu++20";
				CLANG_ENABLE_MODULES = YES;
				CLANG_ENABLE_OBJC_ARC = YES;
				CLANG_ENABLE_OBJC_WEAK = YES;
				CLANG_WARN_BLOCK_CAPTURE_AUTORELEASING = YES;
				CLANG_WARN_BOOL_CONVERSION = YES;
				CLANG_WARN_COMMA = YES;
				CLANG_WARN_CONSTANT_CONVERSION = YES;
				CLANG_WARN_DEPRECATED_OBJC_IMPLEMENTATIONS = YES;
				CLANG_WARN_DIRECT_OBJC_ISA_USAGE = YES_ERROR;
				CLANG_WARN_DOCUMENTATION_COMMENTS = YES;
				CLANG_WARN_EMPTY_BODY = YES;
				CLANG_WARN_ENUM_CONVERSION = YES;
				CLANG_WARN_INFINITE_RECURSION = YES;
				CLANG_WARN_INT_CONVERSION = YES;
				CLANG_WARN_NON_LITERAL_NULL_CONVERSION = YES;
				CLANG_WARN_OBJC_IMPLICIT_RETAIN_SELF = YES;
				CLANG_WARN_OBJC_LITERAL_CONVERSION = YES;
				CLANG_WARN_OBJC_ROOT_CLASS = YES_ERROR;
				CLANG_WARN_QUOTED_INCLUDE_IN_FRAMEWORK_HEADER = YES;
				CLANG_WARN_RANGE_LOOP_ANALYSIS = YES;
				CLANG_WARN_STRICT_PROTOTYPES = YES;
				CLANG_WARN_SUSPICIOUS_MOVE = YES;
				CLANG_WARN_UNGUARDED_AVAILABILITY = YES_AGGRESSIVE;
				CLANG_WARN_UNREACHABLE_CODE = YES;
				CLANG_WARN__DUPLICATE_METHOD_MATCH = YES;
				COPY_PHASE_STRIP = NO;
				DEBUG_INFORMATION_FORMAT = "dwarf-with-dsym";
				ENABLE_NS_ASSERTIONS = NO;
				ENABLE_STRICT_OBJC_MSGSEND = YES;
				ENABLE_USER_SCRIPT_SANDBOXING = YES;
				GCC_C_LANGUAGE_STANDARD = gnu17;
				GCC_NO_COMMON_BLOCKS = YES;
				GCC_WARN_64_TO_32_BIT_CONVERSION = YES;
				GCC_WARN_ABOUT_RETURN_TYPE = YES_ERROR;
				GCC_WARN_UNDECLARED_SELECTOR = YES;
				GCC_WARN_UNINITIALIZED_AUTOS = YES_AGGRESSIVE;
				GCC_WARN_UNUSED_FUNCTION = YES;
				GCC_WARN_UNUSED_VARIABLE = YES;
				IPHONEOS_DEPLOYMENT_TARGET = 17.0;
				LOCALIZATION_PREFERS_STRING_CATALOGS = YES;
				MTL_ENABLE_DEBUG_INFO = NO;
				MTL_FAST_MATH = YES;
				SDKROOT = iphoneos;
				SWIFT_COMPILATION_MODE = wholemodule;
				VALIDATE_PRODUCT = YES;
			};
			name = Release;
		};
		BD9F02002AFDD84F00AB8AA8 /* Debug */ = {
			isa = XCBuildConfiguration;
			buildSettings = {
				ASSETCATALOG_COMPILER_APPICON_NAME = AppIcon;
				ASSETCATALOG_COMPILER_GLOBAL_ACCENT_COLOR_NAME = AccentColor;
				CODE_SIGN_STYLE = Automatic;
				CURRENT_PROJECT_VERSION = 1;
				DEVELOPMENT_ASSET_PATHS = "\"TikTokTutorial/Preview Content\"";
				DEVELOPMENT_TEAM = Z8Y3TFDSG6;
				ENABLE_PREVIEWS = YES;
				GENERATE_INFOPLIST_FILE = YES;
				INFOPLIST_KEY_UIApplicationSceneManifest_Generation = YES;
				INFOPLIST_KEY_UIApplicationSupportsIndirectInputEvents = YES;
				INFOPLIST_KEY_UILaunchScreen_Generation = YES;
				INFOPLIST_KEY_UISupportedInterfaceOrientations_iPad = "UIInterfaceOrientationPortrait UIInterfaceOrientationPortraitUpsideDown UIInterfaceOrientationLandscapeLeft UIInterfaceOrientationLandscapeRight";
				INFOPLIST_KEY_UISupportedInterfaceOrientations_iPhone = "UIInterfaceOrientationPortrait UIInterfaceOrientationLandscapeLeft UIInterfaceOrientationLandscapeRight";
				IPHONEOS_DEPLOYMENT_TARGET = 17.0;
				LD_RUNPATH_SEARCH_PATHS = (
					"$(inherited)",
					"@executable_path/Frameworks",
				);
				MARKETING_VERSION = 1.0;
				PRODUCT_BUNDLE_IDENTIFIER = com.ryanchoi.TikTokTutorial;
				PRODUCT_NAME = "$(TARGET_NAME)";
				SWIFT_EMIT_LOC_STRINGS = YES;
				SWIFT_VERSION = 5.0;
				TARGETED_DEVICE_FAMILY = "1,2";
			};
			name = Debug;
		};
		BD9F02012AFDD84F00AB8AA8 /* Release */ = {
			isa = XCBuildConfiguration;
			buildSettings = {
				ASSETCATALOG_COMPILER_APPICON_NAME = AppIcon;
				ASSETCATALOG_COMPILER_GLOBAL_ACCENT_COLOR_NAME = AccentColor;
				CODE_SIGN_STYLE = Automatic;
				CURRENT_PROJECT_VERSION = 1;
				DEVELOPMENT_ASSET_PATHS = "\"TikTokTutorial/Preview Content\"";
				DEVELOPMENT_TEAM = Z8Y3TFDSG6;
				ENABLE_PREVIEWS = YES;
				GENERATE_INFOPLIST_FILE = YES;
				INFOPLIST_KEY_UIApplicationSceneManifest_Generation = YES;
				INFOPLIST_KEY_UIApplicationSupportsIndirectInputEvents = YES;
				INFOPLIST_KEY_UILaunchScreen_Generation = YES;
				INFOPLIST_KEY_UISupportedInterfaceOrientations_iPad = "UIInterfaceOrientationPortrait UIInterfaceOrientationPortraitUpsideDown UIInterfaceOrientationLandscapeLeft UIInterfaceOrientationLandscapeRight";
				INFOPLIST_KEY_UISupportedInterfaceOrientations_iPhone = "UIInterfaceOrientationPortrait UIInterfaceOrientationLandscapeLeft UIInterfaceOrientationLandscapeRight";
				IPHONEOS_DEPLOYMENT_TARGET = 17.0;
				LD_RUNPATH_SEARCH_PATHS = (
					"$(inherited)",
					"@executable_path/Frameworks",
				);
				MARKETING_VERSION = 1.0;
				PRODUCT_BUNDLE_IDENTIFIER = com.ryanchoi.TikTokTutorial;
				PRODUCT_NAME = "$(TARGET_NAME)";
				SWIFT_EMIT_LOC_STRINGS = YES;
				SWIFT_VERSION = 5.0;
				TARGETED_DEVICE_FAMILY = "1,2";
			};
			name = Release;
		};
/* End XCBuildConfiguration section */

/* Begin XCConfigurationList section */
		BD9F01EC2AFDD84D00AB8AA8 /* Build configuration list for PBXProject "TikTokTutorial" */ = {
			isa = XCConfigurationList;
			buildConfigurations = (
				BD9F01FD2AFDD84F00AB8AA8 /* Debug */,
				BD9F01FE2AFDD84F00AB8AA8 /* Release */,
			);
			defaultConfigurationIsVisible = 0;
			defaultConfigurationName = Release;
		};
		BD9F01FF2AFDD84F00AB8AA8 /* Build configuration list for PBXNativeTarget "TikTokTutorial" */ = {
			isa = XCConfigurationList;
			buildConfigurations = (
				BD9F02002AFDD84F00AB8AA8 /* Debug */,
				BD9F02012AFDD84F00AB8AA8 /* Release */,
			);
			defaultConfigurationIsVisible = 0;
			defaultConfigurationName = Release;
		};
/* End XCConfigurationList section */
	};
	rootObject = BD9F01E92AFDD84D00AB8AA8 /* Project object */;
}
